// !$*UTF8*$!
{
	archiveVersion = 1;
	classes = {
	};
	objectVersion = 46;
	objects = {

/* Begin PBXBuildFile section */
		9109E59F1DDC7805005985B4 /* AppDelegate.swift in Sources */ = {isa = PBXBuildFile; fileRef = 9109E59E1DDC7805005985B4 /* AppDelegate.swift */; };
		9109E5A11DDC7805005985B4 /* ViewController.swift in Sources */ = {isa = PBXBuildFile; fileRef = 9109E5A01DDC7805005985B4 /* ViewController.swift */; };
		9109E5A41DDC7805005985B4 /* Main.storyboard in Resources */ = {isa = PBXBuildFile; fileRef = 9109E5A21DDC7805005985B4 /* Main.storyboard */; };
		9109E5A61DDC7805005985B4 /* Assets.xcassets in Resources */ = {isa = PBXBuildFile; fileRef = 9109E5A51DDC7805005985B4 /* Assets.xcassets */; };
		9109E5A91DDC7805005985B4 /* LaunchScreen.storyboard in Resources */ = {isa = PBXBuildFile; fileRef = 9109E5A71DDC7805005985B4 /* LaunchScreen.storyboard */; };
		9109E5B11DDC7B53005985B4 /* PushButtonView.swift in Sources */ = {isa = PBXBuildFile; fileRef = 9109E5B01DDC7B53005985B4 /* PushButtonView.swift */; };
		9109E5B61DDC8509005985B4 /* CounterView.swift in Sources */ = {isa = PBXBuildFile; fileRef = 9109E5B51DDC8509005985B4 /* CounterView.swift */; };
		9109E5B81DDCA18D005985B4 /* GraphView.swift in Sources */ = {isa = PBXBuildFile; fileRef = 9109E5B71DDCA18D005985B4 /* GraphView.swift */; };
/* End PBXBuildFile section */

/* Begin PBXFileReference section */
		9109E59B1DDC7805005985B4 /* Flow.app */ = {isa = PBXFileReference; explicitFileType = wrapper.application; includeInIndex = 0; path = Flow.app; sourceTree = BUILT_PRODUCTS_DIR; };
		9109E59E1DDC7805005985B4 /* AppDelegate.swift */ = {isa = PBXFileReference; lastKnownFileType = sourcecode.swift; path = AppDelegate.swift; sourceTree = "<group>"; };
		9109E5A01DDC7805005985B4 /* ViewController.swift */ = {isa = PBXFileReference; lastKnownFileType = sourcecode.swift; path = ViewController.swift; sourceTree = "<group>"; };
		9109E5A31DDC7805005985B4 /* Base */ = {isa = PBXFileReference; lastKnownFileType = file.storyboard; name = Base; path = Base.lproj/Main.storyboard; sourceTree = "<group>"; };
		9109E5A51DDC7805005985B4 /* Assets.xcassets */ = {isa = PBXFileReference; lastKnownFileType = folder.assetcatalog; path = Assets.xcassets; sourceTree = "<group>"; };
		9109E5A81DDC7805005985B4 /* Base */ = {isa = PBXFileReference; lastKnownFileType = file.storyboard; name = Base; path = Base.lproj/LaunchScreen.storyboard; sourceTree = "<group>"; };
		9109E5AA1DDC7805005985B4 /* Info.plist */ = {isa = PBXFileReference; lastKnownFileType = text.plist.xml; path = Info.plist; sourceTree = "<group>"; };
		9109E5B01DDC7B53005985B4 /* PushButtonView.swift */ = {isa = PBXFileReference; fileEncoding = 4; lastKnownFileType = sourcecode.swift; path = PushButtonView.swift; sourceTree = "<group>"; };
		9109E5B51DDC8509005985B4 /* CounterView.swift */ = {isa = PBXFileReference; fileEncoding = 4; lastKnownFileType = sourcecode.swift; path = CounterView.swift; sourceTree = "<group>"; };
		9109E5B71DDCA18D005985B4 /* GraphView.swift */ = {isa = PBXFileReference; fileEncoding = 4; lastKnownFileType = sourcecode.swift; path = GraphView.swift; sourceTree = "<group>"; };
/* End PBXFileReference section */

/* Begin PBXFrameworksBuildPhase section */
		9109E5981DDC7805005985B4 /* Frameworks */ = {
			isa = PBXFrameworksBuildPhase;
			buildActionMask = 2147483647;
			files = (
			);
			runOnlyForDeploymentPostprocessing = 0;
		};
/* End PBXFrameworksBuildPhase section */

/* Begin PBXGroup section */
		9109E5921DDC7805005985B4 = {
			isa = PBXGroup;
			children = (
				9109E59D1DDC7805005985B4 /* Flow */,
				9109E59C1DDC7805005985B4 /* Products */,
			);
			sourceTree = "<group>";
		};
		9109E59C1DDC7805005985B4 /* Products */ = {
			isa = PBXGroup;
			children = (
				9109E59B1DDC7805005985B4 /* Flow.app */,
			);
			name = Products;
			sourceTree = "<group>";
		};
		9109E59D1DDC7805005985B4 /* Flow */ = {
			isa = PBXGroup;
			children = (
				9109E5B21DDC7B87005985B4 /* Model */,
				9109E5B31DDC7B8D005985B4 /* View */,
				9109E5B41DDC7B93005985B4 /* Controller */,
				9109E59E1DDC7805005985B4 /* AppDelegate.swift */,
				9109E5A21DDC7805005985B4 /* Main.storyboard */,
				9109E5A51DDC7805005985B4 /* Assets.xcassets */,
				9109E5A71DDC7805005985B4 /* LaunchScreen.storyboard */,
				9109E5AA1DDC7805005985B4 /* Info.plist */,
			);
			path = Flow;
			sourceTree = "<group>";
		};
		9109E5B21DDC7B87005985B4 /* Model */ = {
			isa = PBXGroup;
			children = (
			);
			name = Model;
			sourceTree = "<group>";
		};
		9109E5B31DDC7B8D005985B4 /* View */ = {
			isa = PBXGroup;
			children = (
				9109E5B01DDC7B53005985B4 /* PushButtonView.swift */,
				9109E5B51DDC8509005985B4 /* CounterView.swift */,
				9109E5B71DDCA18D005985B4 /* GraphView.swift */,
			);
			name = View;
			sourceTree = "<group>";
		};
		9109E5B41DDC7B93005985B4 /* Controller */ = {
			isa = PBXGroup;
			children = (
				9109E5A01DDC7805005985B4 /* ViewController.swift */,
			);
			name = Controller;
			sourceTree = "<group>";
		};
/* End PBXGroup section */

/* Begin PBXNativeTarget section */
		9109E59A1DDC7805005985B4 /* Flow */ = {
			isa = PBXNativeTarget;
			buildConfigurationList = 9109E5AD1DDC7805005985B4 /* Build configuration list for PBXNativeTarget "Flow" */;
			buildPhases = (
				9109E5971DDC7805005985B4 /* Sources */,
				9109E5981DDC7805005985B4 /* Frameworks */,
				9109E5991DDC7805005985B4 /* Resources */,
			);
			buildRules = (
			);
			dependencies = (
			);
			name = Flow;
			productName = Flow;
			productReference = 9109E59B1DDC7805005985B4 /* Flow.app */;
			productType = "com.apple.product-type.application";
		};
/* End PBXNativeTarget section */

/* Begin PBXProject section */
		9109E5931DDC7805005985B4 /* Project object */ = {
			isa = PBXProject;
			attributes = {
				LastSwiftUpdateCheck = 0810;
				LastUpgradeCheck = 0810;
				ORGANIZATIONNAME = "Stanley Pan";
				TargetAttributes = {
					9109E59A1DDC7805005985B4 = {
						CreatedOnToolsVersion = 8.1;
						ProvisioningStyle = Automatic;
					};
				};
			};
			buildConfigurationList = 9109E5961DDC7805005985B4 /* Build configuration list for PBXProject "Flow" */;
			compatibilityVersion = "Xcode 3.2";
			developmentRegion = English;
			hasScannedForEncodings = 0;
			knownRegions = (
				en,
				Base,
			);
			mainGroup = 9109E5921DDC7805005985B4;
			productRefGroup = 9109E59C1DDC7805005985B4 /* Products */;
			projectDirPath = "";
			projectRoot = "";
			targets = (
				9109E59A1DDC7805005985B4 /* Flow */,
			);
		};
/* End PBXProject section */

/* Begin PBXResourcesBuildPhase section */
		9109E5991DDC7805005985B4 /* Resources */ = {
			isa = PBXResourcesBuildPhase;
			buildActionMask = 2147483647;
			files = (
				9109E5A91DDC7805005985B4 /* LaunchScreen.storyboard in Resources */,
				9109E5A61DDC7805005985B4 /* Assets.xcassets in Resources */,
				9109E5A41DDC7805005985B4 /* Main.storyboard in Resources */,
			);
			runOnlyForDeploymentPostprocessing = 0;
		};
/* End PBXResourcesBuildPhase section */

/* Begin PBXSourcesBuildPhase section */
		9109E5971DDC7805005985B4 /* Sources */ = {
			isa = PBXSourcesBuildPhase;
			buildActionMask = 2147483647;
			files = (
				9109E5B81DDCA18D005985B4 /* GraphView.swift in Sources */,
				9109E5A11DDC7805005985B4 /* ViewController.swift in Sources */,
				9109E5B11DDC7B53005985B4 /* PushButtonView.swift in Sources */,
				9109E59F1DDC7805005985B4 /* AppDelegate.swift in Sources */,
				9109E5B61DDC8509005985B4 /* CounterView.swift in Sources */,
			);
			runOnlyForDeploymentPostprocessing = 0;
		};
/* End PBXSourcesBuildPhase section */

/* Begin PBXVariantGroup section */
		9109E5A21DDC7805005985B4 /* Main.storyboard */ = {
			isa = PBXVariantGroup;
			children = (
				9109E5A31DDC7805005985B4 /* Base */,
			);
			name = Main.storyboard;
			sourceTree = "<group>";
		};
		9109E5A71DDC7805005985B4 /* LaunchScreen.storyboard */ = {
			isa = PBXVariantGroup;
			children = (
				9109E5A81DDC7805005985B4 /* Base */,
			);
			name = LaunchScreen.storyboard;
			sourceTree = "<group>";
		};
/* End PBXVariantGroup section */

/* Begin XCBuildConfiguration section */
		9109E5AB1DDC7805005985B4 /* Debug */ = {
			isa = XCBuildConfiguration;
			buildSettings = {
				ALWAYS_SEARCH_USER_PATHS = NO;
				CLANG_ANALYZER_NONNULL = YES;
				CLANG_CXX_LANGUAGE_STANDARD = "gnu++0x";
				CLANG_CXX_LIBRARY = "libc++";
				CLANG_ENABLE_MODULES = YES;
				CLANG_ENABLE_OBJC_ARC = YES;
				CLANG_WARN_BOOL_CONVERSION = YES;
				CLANG_WARN_CONSTANT_CONVERSION = YES;
				CLANG_WARN_DIRECT_OBJC_ISA_USAGE = YES_ERROR;
				CLANG_WARN_DOCUMENTATION_COMMENTS = YES;
				CLANG_WARN_EMPTY_BODY = YES;
				CLANG_WARN_ENUM_CONVERSION = YES;
				CLANG_WARN_INFINITE_RECURSION = YES;
				CLANG_WARN_INT_CONVERSION = YES;
				CLANG_WARN_OBJC_ROOT_CLASS = YES_ERROR;
				CLANG_WARN_SUSPICIOUS_MOVES = YES;
				CLANG_WARN_UNREACHABLE_CODE = YES;
				CLANG_WARN__DUPLICATE_METHOD_MATCH = YES;
				"CODE_SIGN_IDENTITY[sdk=iphoneos*]" = "iPhone Developer";
				COPY_PHASE_STRIP = NO;
				DEBUG_INFORMATION_FORMAT = dwarf;
				ENABLE_STRICT_OBJC_MSGSEND = YES;
				ENABLE_TESTABILITY = YES;
				GCC_C_LANGUAGE_STANDARD = gnu99;
				GCC_DYNAMIC_NO_PIC = NO;
				GCC_NO_COMMON_BLOCKS = YES;
				GCC_OPTIMIZATION_LEVEL = 0;
				GCC_PREPROCESSOR_DEFINITIONS = (
					"DEBUG=1",
					"$(inherited)",
				);
				GCC_WARN_64_TO_32_BIT_CONVERSION = YES;
				GCC_WARN_ABOUT_RETURN_TYPE = YES_ERROR;
				GCC_WARN_UNDECLARED_SELECTOR = YES;
				GCC_WARN_UNINITIALIZED_AUTOS = YES_AGGRESSIVE;
				GCC_WARN_UNUSED_FUNCTION = YES;
				GCC_WARN_UNUSED_VARIABLE = YES;
				IPHONEOS_DEPLOYMENT_TARGET = 10.1;
				MTL_ENABLE_DEBUG_INFO = YES;
				ONLY_ACTIVE_ARCH = YES;
				SDKROOT = iphoneos;
				SWIFT_ACTIVE_COMPILATION_CONDITIONS = DEBUG;
				SWIFT_OPTIMIZATION_LEVEL = "-Onone";
				TARGETED_DEVICE_FAMILY = "1,2";
			};
			name = Debug;
		};
		9109E5AC1DDC7805005985B4 /* Release */ = {
			isa = XCBuildConfiguration;
			buildSettings = {
				ALWAYS_SEARCH_USER_PATHS = NO;
				CLANG_ANALYZER_NONNULL = YES;
				CLANG_CXX_LANGUAGE_STANDARD = "gnu++0x";
				CLANG_CXX_LIBRARY = "libc++";
				CLANG_ENABLE_MODULES = YES;
				CLANG_ENABLE_OBJC_ARC = YES;
				CLANG_WARN_BOOL_CONVERSION = YES;
				CLANG_WARN_CONSTANT_CONVERSION = YES;
				CLANG_WARN_DIRECT_OBJC_ISA_USAGE = YES_ERROR;
				CLANG_WARN_DOCUMENTATION_COMMENTS = YES;
				CLANG_WARN_EMPTY_BODY = YES;
				CLANG_WARN_ENUM_CONVERSION = YES;
				CLANG_WARN_INFINITE_RECURSION = YES;
				CLANG_WARN_INT_CONVERSION = YES;
				CLANG_WARN_OBJC_ROOT_CLASS = YES_ERROR;
				CLANG_WARN_SUSPICIOUS_MOVES = YES;
				CLANG_WARN_UNREACHABLE_CODE = YES;
				CLANG_WARN__DUPLICATE_METHOD_MATCH = YES;
				"CODE_SIGN_IDENTITY[sdk=iphoneos*]" = "iPhone Developer";
				COPY_PHASE_STRIP = NO;
				DEBUG_INFORMATION_FORMAT = "dwarf-with-dsym";
				ENABLE_NS_ASSERTIONS = NO;
				ENABLE_STRICT_OBJC_MSGSEND = YES;
				GCC_C_LANGUAGE_STANDARD = gnu99;
				GCC_NO_COMMON_BLOCKS = YES;
				GCC_WARN_64_TO_32_BIT_CONVERSION = YES;
				GCC_WARN_ABOUT_RETURN_TYPE = YES_ERROR;
				GCC_WARN_UNDECLARED_SELECTOR = YES;
				GCC_WARN_UNINITIALIZED_AUTOS = YES_AGGRESSIVE;
				GCC_WARN_UNUSED_FUNCTION = YES;
				GCC_WARN_UNUSED_VARIABLE = YES;
				IPHONEOS_DEPLOYMENT_TARGET = 10.1;
				MTL_ENABLE_DEBUG_INFO = NO;
				SDKROOT = iphoneos;
				SWIFT_OPTIMIZATION_LEVEL = "-Owholemodule";
				TARGETED_DEVICE_FAMILY = "1,2";
				VALIDATE_PRODUCT = YES;
			};
			name = Release;
		};
		9109E5AE1DDC7805005985B4 /* Debug */ = {
			isa = XCBuildConfiguration;
			buildSettings = {
				ASSETCATALOG_COMPILER_APPICON_NAME = AppIcon;
				INFOPLIST_FILE = Flow/Info.plist;
				LD_RUNPATH_SEARCH_PATHS = "$(inherited) @executable_path/Frameworks";
				PRODUCT_BUNDLE_IDENTIFIER = com.github.iMoment.Flow;
				PRODUCT_NAME = "$(TARGET_NAME)";
				SWIFT_VERSION = 3.0;
			};
			name = Debug;
		};
		9109E5AF1DDC7805005985B4 /* Release */ = {
			isa = XCBuildConfiguration;
			buildSettings = {
				ASSETCATALOG_COMPILER_APPICON_NAME = AppIcon;
				INFOPLIST_FILE = Flow/Info.plist;
				LD_RUNPATH_SEARCH_PATHS = "$(inherited) @executable_path/Frameworks";
				PRODUCT_BUNDLE_IDENTIFIER = com.github.iMoment.Flow;
				PRODUCT_NAME = "$(TARGET_NAME)";
				SWIFT_VERSION = 3.0;
			};
			name = Release;
		};
/* End XCBuildConfiguration section */

/* Begin XCConfigurationList section */
		9109E5961DDC7805005985B4 /* Build configuration list for PBXProject "Flow" */ = {
			isa = XCConfigurationList;
			buildConfigurations = (
				9109E5AB1DDC7805005985B4 /* Debug */,
				9109E5AC1DDC7805005985B4 /* Release */,
			);
			defaultConfigurationIsVisible = 0;
			defaultConfigurationName = Release;
		};
		9109E5AD1DDC7805005985B4 /* Build configuration list for PBXNativeTarget "Flow" */ = {
			isa = XCConfigurationList;
			buildConfigurations = (
				9109E5AE1DDC7805005985B4 /* Debug */,
				9109E5AF1DDC7805005985B4 /* Release */,
			);
			defaultConfigurationIsVisible = 0;
		};
/* End XCConfigurationList section */
	};
	rootObject = 9109E5931DDC7805005985B4 /* Project object */;
}
